
Microsoft Visual Studio Solution File, Format Version 12.00
# Visual Studio Version 17
VisualStudioVersion = 17.7.34031.279
MinimumVisualStudioVersion = 10.0.40219.1
Project("{FAE04EC0-301F-11D3-BF4B-00C04F79EFBC}") = "web-teste", "web-teste\web-teste.csproj", "{37D0AA3C-CF12-46F3-A75E-EF0833DADC5A}"
EndProject
Global
	GlobalSection(SolutionConfigurationPlatforms) = preSolution
		Debug|Any CPU = Debug|Any CPU
		Release|Any CPU = Release|Any CPU
	EndGlobalSection
	GlobalSection(ProjectConfigurationPlatforms) = postSolution
		{37D0AA3C-CF12-46F3-A75E-EF0833DADC5A}.Debug|Any CPU.ActiveCfg = Debug|Any CPU
		{37D0AA3C-CF12-46F3-A75E-EF0833DADC5A}.Debug|Any CPU.Build.0 = Debug|Any CPU
		{37D0AA3C-CF12-46F3-A75E-EF0833DADC5A}.Release|Any CPU.ActiveCfg = Release|Any CPU
		{37D0AA3C-CF12-46F3-A75E-EF0833DADC5A}.Release|Any CPU.Build.0 = Release|Any CPU
	EndGlobalSection
	GlobalSection(SolutionProperties) = preSolution
		HideSolutionNode = FALSE
	EndGlobalSection
	GlobalSection(ExtensibilityGlobals) = postSolution
		SolutionGuid = {842EE3A8-31B8-4615-B27D-079C580814A9}
	EndGlobalSection
EndGlobal
